schema: '2.0'
stages:
  slide_download:
    cmd: python ../utils/file_transfer.py --out_csv .downloaded_slides.csv --data_path
      /data/anapath/AprioricsSlides --ihc_type CD3CD20 --mapping_file ../../ihc_mapping.json
      --mask_extension .tif --remote_path /media/AprioricsSlides --slide_extension
      .svs --seed 42 --clean_previous --add_tree --extension .svs --rel_path slides
      --remote_rel_path .
    outs:
    - path: .downloaded_slides.csv
      md5: b22086e2f3720da570407aeff2b49b12
      size: 67649
  generate_patch_csvs:
    cmd: python generate_patch_dataset.py --data_path /data/anapath/AprioricsSlides
      --ihc_type CD3CD20 --mapping_file ../../ihc_mapping.json --mask_extension .tif
      --remote_path /media/AprioricsSlides --slide_extension .svs --seed 42 --patch_size
      512 --level 0 --overlap 0.1 --filter_pos 0 --overwrite --export_geojson --slidefolder
      /data/anapath/AprioricsSlides/slides --maskfolder /data/anapath/AprioricsSlides/masks
      --outfolder /data/anapath/AprioricsSlides/train
    deps:
    - path: .downloaded_slides.csv
      md5: b22086e2f3720da570407aeff2b49b12
      size: 67649
    - path: /data/anapath/AprioricsSlides/masks/CD3CD20
      md5: 46cb13ae7ca97f0e1bfc0d0b628a8f47.dir
      size: 31304145837
      nfiles: 45
    outs:
    - path: /data/anapath/AprioricsSlides/train/CD3CD20/512_0/patch_csvs
      md5: 9b9de838605b4e8e957ccb4847c750d2.dir
      size: 36404604
      nfiles: 45
  split_dataset:
    cmd: python split_full_dataset.py --out_csv /data/anapath/AprioricsSlides/train/splits.csv
      --locked_test_file /data/anapath/AprioricsSlides/train/pam50_slides.txt --data_path
      /data/anapath/AprioricsSlides --ihc_type CD3CD20 --mapping_file ../../ihc_mapping.json
      --mask_extension .tif --remote_path /media/AprioricsSlides --slide_extension
      .svs --seed 42 --nfolds 5 --test_ratio 0.1 --update --filename splits.csv --locked_test_filename
      pam50_slides.txt --min_slide 4 --max_slide 1288
    outs:
    - path: /data/anapath/AprioricsSlides/train/splits.csv
      md5: bc15256060dfdce2f06a9b524b162b86
      size: 15819
  train:
    cmd: python train_segmentation.py --hash_file .model_hash.yaml --data_path /data/anapath/AprioricsSlides
      --ihc_type CD3CD20 --mapping_file ../../ihc_mapping.json --mask_extension .tif
      --remote_path /media/AprioricsSlides --slide_extension .svs --seed 42 --patch_size
      224 --level 0 --gpu 0 --batch_size 32 --lr 0.0002 --wd 0.1 --epochs 5 --num_workers
      32 --scheduler one-cycle --model unet/resnet50 --loss bce --fold 0 --p_pos 0.8
      --data_step 1 --data_type segmentation --augment_stain --p_augment 0.8 --transforms
      base --splitfile splits.csv --base_size 512 --slidefolder /data/anapath/AprioricsSlides/slides
      --maskfolder /data/anapath/AprioricsSlides/masks --trainfolder /data/anapath/AprioricsSlides/train
    deps:
    - path: /data/anapath/AprioricsSlides/train/CD3CD20/512_0/patch_csvs
      md5: 9b9de838605b4e8e957ccb4847c750d2.dir
      size: 36404604
      nfiles: 45
    - path: /data/anapath/AprioricsSlides/train/splits.csv
      md5: bc15256060dfdce2f06a9b524b162b86
      size: 15819
    outs:
    - path: .model_hash.yaml
      md5: 8836961dfe89a0060ac0023078b7c0f6
      size: 38
    - path: /data/anapath/AprioricsSlides/train/logs
      md5: 9b9a4e07c037a9bd3cd9f31e270e324f.dir
      size: 69570167929
      nfiles: 88
  evaluate:
    cmd: python predict_export_geojsons.py --hash_file .model_hash.yaml --outfolder
      /data/anapath/AprioricsSlides/evaluate --slidefolder /data/anapath/AprioricsSlides/slides
      --maskfolder /data/anapath/AprioricsSlides/masks --trainfolder /data/anapath/AprioricsSlides/train
      --splitfile splits.csv --data_path /data/anapath/AprioricsSlides --ihc_type
      CD3CD20 --mapping_file ../../ihc_mapping.json --mask_extension .tif --remote_path
      /media/AprioricsSlides --slide_extension .svs --seed 42 --patch_size 224 --level
      0 --gpu 0 --batch_size 32 --lr 0.0002 --wd 0.1 --epochs 5 --num_workers 32 --scheduler
      one-cycle --model unet/resnet50 --loss bce --fold 0 --p_pos 0.8 --data_step
      1 --data_type segmentation --augment_stain --p_augment 0.8 --transforms base
      --area_threshold 100 --test_fold test
    deps:
    - path: .model_hash.yaml
      md5: 8836961dfe89a0060ac0023078b7c0f6
      size: 38
    - path: /data/anapath/AprioricsSlides/train/CD3CD20/224_0/patch_csvs
      md5: 6fb8aee705d8aad15f30f23d8ffac2df.dir
      size: 113295554
      nfiles: 33
    - path: /data/anapath/AprioricsSlides/train/logs
      md5: 9b9a4e07c037a9bd3cd9f31e270e324f.dir
      size: 69570167929
      nfiles: 88
    outs:
    - path: /data/anapath/AprioricsSlides/evaluate/CD3CD20/
      md5: 0f7d47517dacfec30a5a904396a1641c.dir
      size: 159588439
      nfiles: 21
  geojson_upload:
    cmd: python ../utils/file_transfer.py --data-path /media/AprioricsSlides --remote-path
      /data/anapath/AprioricsSlides --ihc-type PHH3 --mapping-file ../../ihc_mapping.json
      --extension .geojson --rel-path evaluate/PHH3/ded42532bb854013b19b85b14c5aabdb/geojsons
      --remote-rel-path evaluate/PHH3/ded42532bb854013b19b85b14c5aabdb/geojsons
    deps:
    - path: /data/anapath/AprioricsSlides/evaluate/PHH3/ded42532bb854013b19b85b14c5aabdb/geojsons
      md5: 9d6be7d7c6e392fceeb82aa18e0b4f36.dir
      size: 9237358
      nfiles: 73
  evaluate_upload:
    cmd: rsync -avu /data/anapath/AprioricsSlides/evaluate/CD3CD20/ /media/AprioricsSlides/evaluate/CD3CD20/
    deps:
    - path: /data/anapath/AprioricsSlides/evaluate/CD3CD20/
      md5: 0f7d47517dacfec30a5a904396a1641c.dir
      size: 159588439
      nfiles: 21
  generate_patch_csvs_eval:
    cmd: python generate_patch_dataset.py --data_path /data/anapath/AprioricsSlides
      --ihc_type CD3CD20 --mapping_file ../../ihc_mapping.json --mask_extension .tif
      --remote_path /media/AprioricsSlides --slide_extension .svs --seed 42 --level
      0 --overlap 0.1 --overwrite true --export_geojson true --patch_size 224 --slidefolder
      /data/anapath/AprioricsSlides/slides --maskfolder /data/anapath/AprioricsSlides/masks
      --outfolder /data/anapath/AprioricsSlides/train --regfolder /data/anapath/AprioricsSlides/registration_geojsons
    deps:
    - path: .downloaded_slides.csv
      md5: b22086e2f3720da570407aeff2b49b12
      size: 67649
    - path: /data/anapath/AprioricsSlides/masks/CD3CD20
      md5: 94c17695aa2d309bb9ebd37c34abb5d0.dir
      size: 23268777024
      nfiles: 34
    outs:
    - path: /data/anapath/AprioricsSlides/train/CD3CD20/224_0/patch_csvs
      md5: 6fb8aee705d8aad15f30f23d8ffac2df.dir
      size: 113295554
      nfiles: 33
