schema: '2.0'
stages:
  slide_download:
    cmd: python ../../../scripts/utils/file_transfer.py --data_path ../data --ihc_type
      P40ColIV --mapping_file ../../../ihc_mapping.json --mask_extension .tif --remote_path
      /media/AprioricsSlides --slide_extension .svs --add_tree --clean_previous --import_file
      ../../../file_lists/P40ColIV --import_ihc --extension .svs --rel_path slides
      --remote_rel_path .
    outs:
    - path: ../data/slides
      hash: md5
      md5: 03a4a4c34e28495a80039b5adf86ac4c.dir
      size: 500535220546
      nfiles: 320
  mask_extraction:
    cmd: python ../../../scripts/mask_extraction/register_extract_polygons_masks_mp.py
      --data_path ../data --ihc_type P40ColIV --mapping_file ../../../ihc_mapping.json
      --mask_extension .tif --remote_path /media/AprioricsSlides --slide_extension
      .svs --binary_op none --dab_thr 0.015 --iou_thr 0.05 --nuc_max_siz 40 --num_workers
      20 --object_min-size 50 --geojson_path geojsons --hovernet_path hovernet_gpkgs
      --log_path registration_geojsons --main_slide_path slides --slide_path slides_tmp
      --mask_path masks --tissue_path tissue_geojsons
    deps:
    - path: ../data/slides
      hash: md5
      md5: 03a4a4c34e28495a80039b5adf86ac4c.dir
      size: 500535220546
      nfiles: 320
    outs:
    - path: ../data/geojsons
      hash: md5
      md5: 64d20c663224f1e937b403ea3915bc5a.dir
      size: 21684790
      nfiles: 5
    - path: ../data/masks
      hash: md5
      md5: bb8fa2a064e8a924c4d1aeb27e32a456.dir
      size: 2349824967
      nfiles: 5
    - path: ../data/registration_geojsons
      hash: md5
      md5: 12a48de3e43d16747a3a1d45a42b70eb.dir
      size: 19898
      nfiles: 5
  geojson_upload:
    cmd: rsync -au ../data/geojsons /media/AprioricsSlides/geojsons/P40ColIV
    deps:
    - path: ../data/geojsons
      hash: md5
      md5: a18c9d52607a43033888e726adf75234.dir
      size: 38998311
      nfiles: 4
