schema: '2.0'
stages:
  slide_download:
    cmd: python ../utils/file_transfer.py --out_csv .downloaded_slides.csv --data_path
      /data/anapath/AprioricsSlides --ihc_type CD3CD20 --mapping_file ../../ihc_mapping.json
      --mask_extension .tif --remote_path /media/AprioricsSlides --slide_extension
      .svs --import_ihc --add_tree --import_file ../../file_list.txt --extension .svs
      --rel_path slides --remote_rel_path .
    outs:
    - path: .downloaded_slides.csv
      md5: 7021a25227feb51c0166d6cf826de52c
      size: 6260
  mask_extraction:
    cmd: python register_extract_polygons_masks_mp.py --data_path /data/anapath/AprioricsSlides
      --ihc_type CD3CD20 --mapping_file ../../ihc_mapping.json --mask_extension .tif
      --remote_path /media/AprioricsSlides --slide_extension .svs --dab_thr 0.01 --object_min_size
      100 --binary_op closing --radius 5 --nuc_min_size 0 --nuc_max_size 24 --num_workers
      30 --mask_path masks --main_slide_path slides --slide_path slides_tmp --geojson_path
      geojsons --log_path registration_geojsons --hovernet_path hovernet_geojsons
    deps:
    - path: .downloaded_slides.csv
      md5: 7021a25227feb51c0166d6cf826de52c
      size: 6260
    outs:
    - path: /data/anapath/AprioricsSlides/geojsons/CD3CD20
      md5: 7df72a0f39a6a7a9a8948630f046249d.dir
      size: 1000463403
      nfiles: 34
    - path: /data/anapath/AprioricsSlides/masks/CD3CD20
      md5: 94c17695aa2d309bb9ebd37c34abb5d0.dir
      size: 23268777024
      nfiles: 34
    - path: /data/anapath/AprioricsSlides/registration_geojsons/CD3CD20
      md5: a642721de4dc67723c15c671e881942e.dir
      size: 360016
      nfiles: 34
  wkt_to_geojson:
    cmd: python ../utils/wkt2geojsons.py --mask_path 'masks' --slide_path 'slides'
      --wkt_path 'wkts' --geojson_path 'geojsons' --data_path /data/anapath/AprioricsSlides
      --ihc_type CD3CD20
    deps:
    - path: /data/anapath/AprioricsSlides/wkts/CD3CD20
      md5: 34f45fe56d298b6584837a489f6f09ea.dir
      size: 8134712651
      nfiles: 544
    outs:
    - path: /data/anapath/AprioricsSlides/geojsons/CD3CD20
      md5: 8927edd740db86fc51548e1c9ff2722e.dir
      size: 13985156811
      nfiles: 544
  geojson_upload:
    cmd: python ../utils/file_transfer.py --data_path /media/AprioricsSlides --remote_path
      /data/anapath/AprioricsSlides --ihc_type CD3CD20 --mapping_file ../../ihc_mapping.json
      --recurse --extension .geojson --rel_path geojsons --remote_rel_path geojsons
      --add_tree
    deps:
    - path: /data/anapath/AprioricsSlides/geojsons/CD3CD20
      md5: 7df72a0f39a6a7a9a8948630f046249d.dir
      size: 1000463403
      nfiles: 34
